
Microsoft Visual Studio Solution File, Format Version 12.00
# Visual Studio Version 17
VisualStudioVersion = 17.9.34701.34
MinimumVisualStudioVersion = 10.0.40219.1
Project("{FAE04EC0-301F-11D3-BF4B-00C04F79EFBC}") = "MusicStore", "MusicStore\MusicStore.csproj", "{9FF32320-23E9-4535-B44D-8B7080830D7E}"
EndProject
Project("{FAE04EC0-301F-11D3-BF4B-00C04F79EFBC}") = "UI1", "UI1\UI1.csproj", "{5A2457FC-B0F7-4BBB-923D-EB0A9934A72A}"
EndProject
Global
	GlobalSection(SolutionConfigurationPlatforms) = preSolution
		Debug|Any CPU = Debug|Any CPU
		Release|Any CPU = Release|Any CPU
	EndGlobalSection
	GlobalSection(ProjectConfigurationPlatforms) = postSolution
		{9FF32320-23E9-4535-B44D-8B7080830D7E}.Debug|Any CPU.ActiveCfg = Debug|Any CPU
		{9FF32320-23E9-4535-B44D-8B7080830D7E}.Debug|Any CPU.Build.0 = Debug|Any CPU
		{9FF32320-23E9-4535-B44D-8B7080830D7E}.Release|Any CPU.ActiveCfg = Release|Any CPU
		{9FF32320-23E9-4535-B44D-8B7080830D7E}.Release|Any CPU.Build.0 = Release|Any CPU
		{5A2457FC-B0F7-4BBB-923D-EB0A9934A72A}.Debug|Any CPU.ActiveCfg = Debug|Any CPU
		{5A2457FC-B0F7-4BBB-923D-EB0A9934A72A}.Debug|Any CPU.Build.0 = Debug|Any CPU
		{5A2457FC-B0F7-4BBB-923D-EB0A9934A72A}.Release|Any CPU.ActiveCfg = Release|Any CPU
		{5A2457FC-B0F7-4BBB-923D-EB0A9934A72A}.Release|Any CPU.Build.0 = Release|Any CPU
	EndGlobalSection
	GlobalSection(SolutionProperties) = preSolution
		HideSolutionNode = FALSE
	EndGlobalSection
	GlobalSection(ExtensibilityGlobals) = postSolution
		SolutionGuid = {ADF111EE-3E5D-42E2-9751-EB05293ACDB9}
	EndGlobalSection
EndGlobal
